
Microsoft Visual Studio Solution File, Format Version 12.00
Project("{FAE04EC0-301F-11D3-BF4B-00C04F79EFBC}") = "SingleResponsibility", "SingleResponsibility\SingleResponsibility.csproj", "{4354C868-FEF9-4BA9-A2DF-146F977F9747}"
EndProject
Project("{FAE04EC0-301F-11D3-BF4B-00C04F79EFBC}") = "OpenClosed", "OpenClosed\OpenClosed.csproj", "{7BA0CFF5-F31B-4C7B-88B6-1AE891407C38}"
EndProject
Global
	GlobalSection(SolutionConfigurationPlatforms) = preSolution
		Debug|Any CPU = Debug|Any CPU
		Release|Any CPU = Release|Any CPU
	EndGlobalSection
	GlobalSection(ProjectConfigurationPlatforms) = postSolution
		{4354C868-FEF9-4BA9-A2DF-146F977F9747}.Debug|Any CPU.ActiveCfg = Debug|Any CPU
		{4354C868-FEF9-4BA9-A2DF-146F977F9747}.Debug|Any CPU.Build.0 = Debug|Any CPU
		{4354C868-FEF9-4BA9-A2DF-146F977F9747}.Release|Any CPU.ActiveCfg = Release|Any CPU
		{4354C868-FEF9-4BA9-A2DF-146F977F9747}.Release|Any CPU.Build.0 = Release|Any CPU
		{7BA0CFF5-F31B-4C7B-88B6-1AE891407C38}.Debug|Any CPU.ActiveCfg = Debug|Any CPU
		{7BA0CFF5-F31B-4C7B-88B6-1AE891407C38}.Debug|Any CPU.Build.0 = Debug|Any CPU
		{7BA0CFF5-F31B-4C7B-88B6-1AE891407C38}.Release|Any CPU.ActiveCfg = Release|Any CPU
		{7BA0CFF5-F31B-4C7B-88B6-1AE891407C38}.Release|Any CPU.Build.0 = Release|Any CPU
	EndGlobalSection
EndGlobal
